
Microsoft Visual Studio Solution File, Format Version 12.00
# Visual Studio Version 17
VisualStudioVersion = 17.2.32616.157
MinimumVisualStudioVersion = 10.0.40219.1
Project("{FAE04EC0-301F-11D3-BF4B-00C04F79EFBC}") = "Agen SDS2 Export Module v0.2", "Agen SDS2 Export Module v0.2\Agen SDS2 Export Module v0.2.csproj", "{899B68AA-8432-41AE-BEDB-2ECFE2987C19}"
EndProject
Global
	GlobalSection(SolutionConfigurationPlatforms) = preSolution
		Debug|Any CPU = Debug|Any CPU
		Debug|x64 = Debug|x64
		Release|Any CPU = Release|Any CPU
		Release|x64 = Release|x64
	EndGlobalSection
	GlobalSection(ProjectConfigurationPlatforms) = postSolution
		{899B68AA-8432-41AE-BEDB-2ECFE2987C19}.Debug|Any CPU.ActiveCfg = Debug|Any CPU
		{899B68AA-8432-41AE-BEDB-2ECFE2987C19}.Debug|Any CPU.Build.0 = Debug|Any CPU
		{899B68AA-8432-41AE-BEDB-2ECFE2987C19}.Debug|x64.ActiveCfg = Debug|x64
		{899B68AA-8432-41AE-BEDB-2ECFE2987C19}.Debug|x64.Build.0 = Debug|x64
		{899B68AA-8432-41AE-BEDB-2ECFE2987C19}.Release|Any CPU.ActiveCfg = Release|Any CPU
		{899B68AA-8432-41AE-BEDB-2ECFE2987C19}.Release|Any CPU.Build.0 = Release|Any CPU
		{899B68AA-8432-41AE-BEDB-2ECFE2987C19}.Release|x64.ActiveCfg = Release|x64
		{899B68AA-8432-41AE-BEDB-2ECFE2987C19}.Release|x64.Build.0 = Release|x64
	EndGlobalSection
	GlobalSection(SolutionProperties) = preSolution
		HideSolutionNode = FALSE
	EndGlobalSection
	GlobalSection(ExtensibilityGlobals) = postSolution
		SolutionGuid = {69D4F91C-8C62-4EE7-8627-B934A4495975}
	EndGlobalSection
EndGlobal
